
Microsoft Visual Studio Solution File, Format Version 12.00
# Visual Studio Version 17
VisualStudioVersion = 17.0.31903.59
MinimumVisualStudioVersion = 10.0.40219.1
Project("{FAE04EC0-301F-11D3-BF4B-00C04F79EFBC}") = "GestionParc.API", "GestionParc.API\GestionParc.API.csproj", "{8FBCFC74-8F41-43E1-AB4C-2FF6D091315E}"
EndProject
Project("{FAE04EC0-301F-11D3-BF4B-00C04F79EFBC}") = "GestionParc.Application", "GestionParc.Application\GestionParc.Application.csproj", "{C13E9F90-3B24-4DF2-9084-8133AFC740D0}"
EndProject
Project("{FAE04EC0-301F-11D3-BF4B-00C04F79EFBC}") = "GestionParc.Domain", "GestionParc.Domain\GestionParc.Domain.csproj", "{1F2CC6DC-D012-477F-931A-C105A798618B}"
EndProject
Project("{FAE04EC0-301F-11D3-BF4B-00C04F79EFBC}") = "GestionParc.Infrastructure", "GestionParc.Infrastructure\GestionParc.Infrastructure.csproj", "{4C30F0F4-B15C-4EA4-9925-5B760D0E4AA8}"
EndProject
Project("{FAE04EC0-301F-11D3-BF4B-00C04F79EFBC}") = "GestionParc.ConsoleTools", "GestionParc.ConsoleTools\GestionParc.ConsoleTools.csproj", "{EAF2AF92-33DB-4FAF-A9F2-7CD947003632}"
EndProject
Project("{FAE04EC0-301F-11D3-BF4B-00C04F79EFBC}") = "GestionParc.Tests", "GestionParc.Tests\GestionParc.Tests.csproj", "{873953C7-B81E-4399-994A-56F372B96C93}"
EndProject
Global
	GlobalSection(SolutionConfigurationPlatforms) = preSolution
		Debug|Any CPU = Debug|Any CPU
		Debug|x64 = Debug|x64
		Debug|x86 = Debug|x86
		Release|Any CPU = Release|Any CPU
		Release|x64 = Release|x64
		Release|x86 = Release|x86
	EndGlobalSection
	GlobalSection(ProjectConfigurationPlatforms) = postSolution
		{8FBCFC74-8F41-43E1-AB4C-2FF6D091315E}.Debug|Any CPU.ActiveCfg = Debug|Any CPU
		{8FBCFC74-8F41-43E1-AB4C-2FF6D091315E}.Debug|Any CPU.Build.0 = Debug|Any CPU
		{8FBCFC74-8F41-43E1-AB4C-2FF6D091315E}.Debug|x64.ActiveCfg = Debug|Any CPU
		{8FBCFC74-8F41-43E1-AB4C-2FF6D091315E}.Debug|x64.Build.0 = Debug|Any CPU
		{8FBCFC74-8F41-43E1-AB4C-2FF6D091315E}.Debug|x86.ActiveCfg = Debug|Any CPU
		{8FBCFC74-8F41-43E1-AB4C-2FF6D091315E}.Debug|x86.Build.0 = Debug|Any CPU
		{8FBCFC74-8F41-43E1-AB4C-2FF6D091315E}.Release|Any CPU.ActiveCfg = Release|Any CPU
		{8FBCFC74-8F41-43E1-AB4C-2FF6D091315E}.Release|Any CPU.Build.0 = Release|Any CPU
		{8FBCFC74-8F41-43E1-AB4C-2FF6D091315E}.Release|x64.ActiveCfg = Release|Any CPU
		{8FBCFC74-8F41-43E1-AB4C-2FF6D091315E}.Release|x64.Build.0 = Release|Any CPU
		{8FBCFC74-8F41-43E1-AB4C-2FF6D091315E}.Release|x86.ActiveCfg = Release|Any CPU
		{8FBCFC74-8F41-43E1-AB4C-2FF6D091315E}.Release|x86.Build.0 = Release|Any CPU
		{C13E9F90-3B24-4DF2-9084-8133AFC740D0}.Debug|Any CPU.ActiveCfg = Debug|Any CPU
		{C13E9F90-3B24-4DF2-9084-8133AFC740D0}.Debug|Any CPU.Build.0 = Debug|Any CPU
		{C13E9F90-3B24-4DF2-9084-8133AFC740D0}.Debug|x64.ActiveCfg = Debug|Any CPU
		{C13E9F90-3B24-4DF2-9084-8133AFC740D0}.Debug|x64.Build.0 = Debug|Any CPU
		{C13E9F90-3B24-4DF2-9084-8133AFC740D0}.Debug|x86.ActiveCfg = Debug|Any CPU
		{C13E9F90-3B24-4DF2-9084-8133AFC740D0}.Debug|x86.Build.0 = Debug|Any CPU
		{C13E9F90-3B24-4DF2-9084-8133AFC740D0}.Release|Any CPU.ActiveCfg = Release|Any CPU
		{C13E9F90-3B24-4DF2-9084-8133AFC740D0}.Release|Any CPU.Build.0 = Release|Any CPU
		{C13E9F90-3B24-4DF2-9084-8133AFC740D0}.Release|x64.ActiveCfg = Release|Any CPU
		{C13E9F90-3B24-4DF2-9084-8133AFC740D0}.Release|x64.Build.0 = Release|Any CPU
		{C13E9F90-3B24-4DF2-9084-8133AFC740D0}.Release|x86.ActiveCfg = Release|Any CPU
		{C13E9F90-3B24-4DF2-9084-8133AFC740D0}.Release|x86.Build.0 = Release|Any CPU
		{1F2CC6DC-D012-477F-931A-C105A798618B}.Debug|Any CPU.ActiveCfg = Debug|Any CPU
		{1F2CC6DC-D012-477F-931A-C105A798618B}.Debug|Any CPU.Build.0 = Debug|Any CPU
		{1F2CC6DC-D012-477F-931A-C105A798618B}.Debug|x64.ActiveCfg = Debug|Any CPU
		{1F2CC6DC-D012-477F-931A-C105A798618B}.Debug|x64.Build.0 = Debug|Any CPU
		{1F2CC6DC-D012-477F-931A-C105A798618B}.Debug|x86.ActiveCfg = Debug|Any CPU
		{1F2CC6DC-D012-477F-931A-C105A798618B}.Debug|x86.Build.0 = Debug|Any CPU
		{1F2CC6DC-D012-477F-931A-C105A798618B}.Release|Any CPU.ActiveCfg = Release|Any CPU
		{1F2CC6DC-D012-477F-931A-C105A798618B}.Release|Any CPU.Build.0 = Release|Any CPU
		{1F2CC6DC-D012-477F-931A-C105A798618B}.Release|x64.ActiveCfg = Release|Any CPU
		{1F2CC6DC-D012-477F-931A-C105A798618B}.Release|x64.Build.0 = Release|Any CPU
		{1F2CC6DC-D012-477F-931A-C105A798618B}.Release|x86.ActiveCfg = Release|Any CPU
		{1F2CC6DC-D012-477F-931A-C105A798618B}.Release|x86.Build.0 = Release|Any CPU
		{4C30F0F4-B15C-4EA4-9925-5B760D0E4AA8}.Debug|Any CPU.ActiveCfg = Debug|Any CPU
		{4C30F0F4-B15C-4EA4-9925-5B760D0E4AA8}.Debug|Any CPU.Build.0 = Debug|Any CPU
		{4C30F0F4-B15C-4EA4-9925-5B760D0E4AA8}.Debug|x64.ActiveCfg = Debug|Any CPU
		{4C30F0F4-B15C-4EA4-9925-5B760D0E4AA8}.Debug|x64.Build.0 = Debug|Any CPU
		{4C30F0F4-B15C-4EA4-9925-5B760D0E4AA8}.Debug|x86.ActiveCfg = Debug|Any CPU
		{4C30F0F4-B15C-4EA4-9925-5B760D0E4AA8}.Debug|x86.Build.0 = Debug|Any CPU
		{4C30F0F4-B15C-4EA4-9925-5B760D0E4AA8}.Release|Any CPU.ActiveCfg = Release|Any CPU
		{4C30F0F4-B15C-4EA4-9925-5B760D0E4AA8}.Release|Any CPU.Build.0 = Release|Any CPU
		{4C30F0F4-B15C-4EA4-9925-5B760D0E4AA8}.Release|x64.ActiveCfg = Release|Any CPU
		{4C30F0F4-B15C-4EA4-9925-5B760D0E4AA8}.Release|x64.Build.0 = Release|Any CPU
		{4C30F0F4-B15C-4EA4-9925-5B760D0E4AA8}.Release|x86.ActiveCfg = Release|Any CPU
		{4C30F0F4-B15C-4EA4-9925-5B760D0E4AA8}.Release|x86.Build.0 = Release|Any CPU
		{EAF2AF92-33DB-4FAF-A9F2-7CD947003632}.Debug|Any CPU.ActiveCfg = Debug|Any CPU
		{EAF2AF92-33DB-4FAF-A9F2-7CD947003632}.Debug|Any CPU.Build.0 = Debug|Any CPU
		{EAF2AF92-33DB-4FAF-A9F2-7CD947003632}.Debug|x64.ActiveCfg = Debug|Any CPU
		{EAF2AF92-33DB-4FAF-A9F2-7CD947003632}.Debug|x64.Build.0 = Debug|Any CPU
		{EAF2AF92-33DB-4FAF-A9F2-7CD947003632}.Debug|x86.ActiveCfg = Debug|Any CPU
		{EAF2AF92-33DB-4FAF-A9F2-7CD947003632}.Debug|x86.Build.0 = Debug|Any CPU
		{EAF2AF92-33DB-4FAF-A9F2-7CD947003632}.Release|Any CPU.ActiveCfg = Release|Any CPU
		{EAF2AF92-33DB-4FAF-A9F2-7CD947003632}.Release|Any CPU.Build.0 = Release|Any CPU
		{EAF2AF92-33DB-4FAF-A9F2-7CD947003632}.Release|x64.ActiveCfg = Release|Any CPU
		{EAF2AF92-33DB-4FAF-A9F2-7CD947003632}.Release|x64.Build.0 = Release|Any CPU
		{EAF2AF92-33DB-4FAF-A9F2-7CD947003632}.Release|x86.ActiveCfg = Release|Any CPU
		{EAF2AF92-33DB-4FAF-A9F2-7CD947003632}.Release|x86.Build.0 = Release|Any CPU
		{873953C7-B81E-4399-994A-56F372B96C93}.Debug|Any CPU.ActiveCfg = Debug|Any CPU
		{873953C7-B81E-4399-994A-56F372B96C93}.Debug|Any CPU.Build.0 = Debug|Any CPU
		{873953C7-B81E-4399-994A-56F372B96C93}.Debug|x64.ActiveCfg = Debug|Any CPU
		{873953C7-B81E-4399-994A-56F372B96C93}.Debug|x64.Build.0 = Debug|Any CPU
		{873953C7-B81E-4399-994A-56F372B96C93}.Debug|x86.ActiveCfg = Debug|Any CPU
		{873953C7-B81E-4399-994A-56F372B96C93}.Debug|x86.Build.0 = Debug|Any CPU
		{873953C7-B81E-4399-994A-56F372B96C93}.Release|Any CPU.ActiveCfg = Release|Any CPU
		{873953C7-B81E-4399-994A-56F372B96C93}.Release|Any CPU.Build.0 = Release|Any CPU
		{873953C7-B81E-4399-994A-56F372B96C93}.Release|x64.ActiveCfg = Release|Any CPU
		{873953C7-B81E-4399-994A-56F372B96C93}.Release|x64.Build.0 = Release|Any CPU
		{873953C7-B81E-4399-994A-56F372B96C93}.Release|x86.ActiveCfg = Release|Any CPU
		{873953C7-B81E-4399-994A-56F372B96C93}.Release|x86.Build.0 = Release|Any CPU
	EndGlobalSection
	GlobalSection(SolutionProperties) = preSolution
		HideSolutionNode = FALSE
	EndGlobalSection
EndGlobal
